
Microsoft Visual Studio Solution File, Format Version 12.00
# Visual Studio Version 17
VisualStudioVersion = 17.10.35013.160
MinimumVisualStudioVersion = 10.0.40219.1
Project("{FAE04EC0-301F-11D3-BF4B-00C04F79EFBC}") = "SistemaPadronMisiones", "SistemaPadronMisiones\SistemaPadronMisiones.csproj", "{1C75D560-9267-4B8F-8D63-FA3B6D90E83D}"
EndProject
Global
	GlobalSection(SolutionConfigurationPlatforms) = preSolution
		Debug|Any CPU = Debug|Any CPU
		Release|Any CPU = Release|Any CPU
	EndGlobalSection
	GlobalSection(ProjectConfigurationPlatforms) = postSolution
		{1C75D560-9267-4B8F-8D63-FA3B6D90E83D}.Debug|Any CPU.ActiveCfg = Debug|Any CPU
		{1C75D560-9267-4B8F-8D63-FA3B6D90E83D}.Debug|Any CPU.Build.0 = Debug|Any CPU
		{1C75D560-9267-4B8F-8D63-FA3B6D90E83D}.Debug|Any CPU.Deploy.0 = Debug|Any CPU
		{1C75D560-9267-4B8F-8D63-FA3B6D90E83D}.Release|Any CPU.ActiveCfg = Release|Any CPU
		{1C75D560-9267-4B8F-8D63-FA3B6D90E83D}.Release|Any CPU.Build.0 = Release|Any CPU
		{1C75D560-9267-4B8F-8D63-FA3B6D90E83D}.Release|Any CPU.Deploy.0 = Release|Any CPU
	EndGlobalSection
	GlobalSection(SolutionProperties) = preSolution
		HideSolutionNode = FALSE
	EndGlobalSection
	GlobalSection(ExtensibilityGlobals) = postSolution
		SolutionGuid = {76FCC7CC-2D16-4A64-88BA-51727C863288}
	EndGlobalSection
EndGlobal
